
Microsoft Visual Studio Solution File, Format Version 12.00
# Visual Studio Version 17
VisualStudioVersion = 17.11.35222.181
MinimumVisualStudioVersion = 10.0.40219.1
Project("{FAE04EC0-301F-11D3-BF4B-00C04F79EFBC}") = "HappyWheelsUtility", "HappyWheelsUtility\HappyWheelsUtility.csproj", "{0DC60738-1C5D-42E6-98DE-D331FED78A8B}"
EndProject
Global
	GlobalSection(SolutionConfigurationPlatforms) = preSolution
		Debug|Any CPU = Debug|Any CPU
		Release|Any CPU = Release|Any CPU
	EndGlobalSection
	GlobalSection(ProjectConfigurationPlatforms) = postSolution
		{0DC60738-1C5D-42E6-98DE-D331FED78A8B}.Debug|Any CPU.ActiveCfg = Debug|Any CPU
		{0DC60738-1C5D-42E6-98DE-D331FED78A8B}.Debug|Any CPU.Build.0 = Debug|Any CPU
		{0DC60738-1C5D-42E6-98DE-D331FED78A8B}.Release|Any CPU.ActiveCfg = Release|Any CPU
		{0DC60738-1C5D-42E6-98DE-D331FED78A8B}.Release|Any CPU.Build.0 = Release|Any CPU
	EndGlobalSection
	GlobalSection(SolutionProperties) = preSolution
		HideSolutionNode = FALSE
	EndGlobalSection
	GlobalSection(ExtensibilityGlobals) = postSolution
		SolutionGuid = {35BE00D1-5562-45AD-A68B-CC54C8C020E6}
	EndGlobalSection
EndGlobal
